
Microsoft Visual Studio Solution File, Format Version 12.00
# Visual Studio Version 17
VisualStudioVersion = 17.2.32616.157
MinimumVisualStudioVersion = 10.0.40219.1
Project("{FAE04EC0-301F-11D3-BF4B-00C04F79EFBC}") = "Book API", "Book API\Book API.csproj", "{0432F2B2-9B67-4FDE-9120-BDFFA0F49ECE}"
EndProject
Global
	GlobalSection(SolutionConfigurationPlatforms) = preSolution
		Debug|Any CPU = Debug|Any CPU
		Release|Any CPU = Release|Any CPU
	EndGlobalSection
	GlobalSection(ProjectConfigurationPlatforms) = postSolution
		{0432F2B2-9B67-4FDE-9120-BDFFA0F49ECE}.Debug|Any CPU.ActiveCfg = Debug|Any CPU
		{0432F2B2-9B67-4FDE-9120-BDFFA0F49ECE}.Debug|Any CPU.Build.0 = Debug|Any CPU
		{0432F2B2-9B67-4FDE-9120-BDFFA0F49ECE}.Release|Any CPU.ActiveCfg = Release|Any CPU
		{0432F2B2-9B67-4FDE-9120-BDFFA0F49ECE}.Release|Any CPU.Build.0 = Release|Any CPU
	EndGlobalSection
	GlobalSection(SolutionProperties) = preSolution
		HideSolutionNode = FALSE
	EndGlobalSection
	GlobalSection(ExtensibilityGlobals) = postSolution
		SolutionGuid = {7ACF4C85-75DB-4A45-9EFD-0C15EE3EC581}
	EndGlobalSection
EndGlobal
